
Microsoft Visual Studio Solution File, Format Version 12.00
Project("{FAE04EC0-301F-11D3-BF4B-00C04F79EFBC}") = "FirstWebApplication", "FirstWebApplication\FirstWebApplication.csproj", "{58CDBCFD-2FAE-4953-A14F-0F0091E95E00}"
EndProject
Global
	GlobalSection(SolutionConfigurationPlatforms) = preSolution
		Debug|Any CPU = Debug|Any CPU
		Release|Any CPU = Release|Any CPU
	EndGlobalSection
	GlobalSection(ProjectConfigurationPlatforms) = postSolution
		{58CDBCFD-2FAE-4953-A14F-0F0091E95E00}.Debug|Any CPU.ActiveCfg = Debug|Any CPU
		{58CDBCFD-2FAE-4953-A14F-0F0091E95E00}.Debug|Any CPU.Build.0 = Debug|Any CPU
		{58CDBCFD-2FAE-4953-A14F-0F0091E95E00}.Release|Any CPU.ActiveCfg = Release|Any CPU
		{58CDBCFD-2FAE-4953-A14F-0F0091E95E00}.Release|Any CPU.Build.0 = Release|Any CPU
	EndGlobalSection
EndGlobal
